// !$*UTF8*$!
{
	archiveVersion = 1;
	classes = {
	};
	objectVersion = 56;
	objects = {

/* Begin PBXBuildFile section */
		432AD5F62B619B2A004C66F7 /* AppDelegate.m in Sources */ = {isa = PBXBuildFile; fileRef = 432AD5F52B619B2A004C66F7 /* AppDelegate.m */; };
		432AD5F92B619B2A004C66F7 /* SceneDelegate.m in Sources */ = {isa = PBXBuildFile; fileRef = 432AD5F82B619B2A004C66F7 /* SceneDelegate.m */; };
		432AD5FC2B619B2A004C66F7 /* ViewController.mm in Sources */ = {isa = PBXBuildFile; fileRef = 432AD5FB2B619B2A004C66F7 /* ViewController.mm */; };
		432AD5FF2B619B2A004C66F7 /* Main.storyboard in Resources */ = {isa = PBXBuildFile; fileRef = 432AD5FD2B619B2A004C66F7 /* Main.storyboard */; };
		432AD6012B619B2D004C66F7 /* Assets.xcassets in Resources */ = {isa = PBXBuildFile; fileRef = 432AD6002B619B2D004C66F7 /* Assets.xcassets */; };
		432AD6042B619B2D004C66F7 /* LaunchScreen.storyboard in Resources */ = {isa = PBXBuildFile; fileRef = 432AD6022B619B2D004C66F7 /* LaunchScreen.storyboard */; };
		432AD6072B619B2D004C66F7 /* main.m in Sources */ = {isa = PBXBuildFile; fileRef = 432AD6062B619B2D004C66F7 /* main.m */; };
/* End PBXBuildFile section */

/* Begin PBXFileReference section */
		432AD5F12B619B2A004C66F7 /* MTLBufferHang.app */ = {isa = PBXFileReference; explicitFileType = wrapper.application; includeInIndex = 0; path = MTLBufferHang.app; sourceTree = BUILT_PRODUCTS_DIR; };
		432AD5F42B619B2A004C66F7 /* AppDelegate.h */ = {isa = PBXFileReference; lastKnownFileType = sourcecode.c.h; path = AppDelegate.h; sourceTree = "<group>"; };
		432AD5F52B619B2A004C66F7 /* AppDelegate.m */ = {isa = PBXFileReference; lastKnownFileType = sourcecode.c.objc; path = AppDelegate.m; sourceTree = "<group>"; };
		432AD5F72B619B2A004C66F7 /* SceneDelegate.h */ = {isa = PBXFileReference; lastKnownFileType = sourcecode.c.h; path = SceneDelegate.h; sourceTree = "<group>"; };
		432AD5F82B619B2A004C66F7 /* SceneDelegate.m */ = {isa = PBXFileReference; lastKnownFileType = sourcecode.c.objc; path = SceneDelegate.m; sourceTree = "<group>"; };
		432AD5FA2B619B2A004C66F7 /* ViewController.h */ = {isa = PBXFileReference; lastKnownFileType = sourcecode.c.h; path = ViewController.h; sourceTree = "<group>"; };
		432AD5FB2B619B2A004C66F7 /* ViewController.mm */ = {isa = PBXFileReference; lastKnownFileType = sourcecode.cpp.objcpp; path = ViewController.mm; sourceTree = "<group>"; };
		432AD5FE2B619B2A004C66F7 /* Base */ = {isa = PBXFileReference; lastKnownFileType = file.storyboard; name = Base; path = Base.lproj/Main.storyboard; sourceTree = "<group>"; };
		432AD6002B619B2D004C66F7 /* Assets.xcassets */ = {isa = PBXFileReference; lastKnownFileType = folder.assetcatalog; path = Assets.xcassets; sourceTree = "<group>"; };
		432AD6032B619B2D004C66F7 /* Base */ = {isa = PBXFileReference; lastKnownFileType = file.storyboard; name = Base; path = Base.lproj/LaunchScreen.storyboard; sourceTree = "<group>"; };
		432AD6052B619B2D004C66F7 /* Info.plist */ = {isa = PBXFileReference; lastKnownFileType = text.plist.xml; path = Info.plist; sourceTree = "<group>"; };
		432AD6062B619B2D004C66F7 /* main.m */ = {isa = PBXFileReference; lastKnownFileType = sourcecode.c.objc; path = main.m; sourceTree = "<group>"; };
/* End PBXFileReference section */

/* Begin PBXFrameworksBuildPhase section */
		432AD5EE2B619B2A004C66F7 /* Frameworks */ = {
			isa = PBXFrameworksBuildPhase;
			buildActionMask = 2147483647;
			files = (
			);
			runOnlyForDeploymentPostprocessing = 0;
		};
/* End PBXFrameworksBuildPhase section */

/* Begin PBXGroup section */
		432AD5E82B619B2A004C66F7 = {
			isa = PBXGroup;
			children = (
				432AD5F32B619B2A004C66F7 /* MTLBufferHang */,
				432AD5F22B619B2A004C66F7 /* Products */,
			);
			sourceTree = "<group>";
		};
		432AD5F22B619B2A004C66F7 /* Products */ = {
			isa = PBXGroup;
			children = (
				432AD5F12B619B2A004C66F7 /* MTLBufferHang.app */,
			);
			name = Products;
			sourceTree = "<group>";
		};
		432AD5F32B619B2A004C66F7 /* MTLBufferHang */ = {
			isa = PBXGroup;
			children = (
				432AD5F42B619B2A004C66F7 /* AppDelegate.h */,
				432AD5F52B619B2A004C66F7 /* AppDelegate.m */,
				432AD5F72B619B2A004C66F7 /* SceneDelegate.h */,
				432AD5F82B619B2A004C66F7 /* SceneDelegate.m */,
				432AD5FA2B619B2A004C66F7 /* ViewController.h */,
				432AD5FB2B619B2A004C66F7 /* ViewController.mm */,
				432AD5FD2B619B2A004C66F7 /* Main.storyboard */,
				432AD6002B619B2D004C66F7 /* Assets.xcassets */,
				432AD6022B619B2D004C66F7 /* LaunchScreen.storyboard */,
				432AD6052B619B2D004C66F7 /* Info.plist */,
				432AD6062B619B2D004C66F7 /* main.m */,
			);
			path = MTLBufferHang;
			sourceTree = "<group>";
		};
/* End PBXGroup section */

/* Begin PBXNativeTarget section */
		432AD5F02B619B2A004C66F7 /* MTLBufferHang */ = {
			isa = PBXNativeTarget;
			buildConfigurationList = 432AD60A2B619B2D004C66F7 /* Build configuration list for PBXNativeTarget "MTLBufferHang" */;
			buildPhases = (
				432AD5ED2B619B2A004C66F7 /* Sources */,
				432AD5EE2B619B2A004C66F7 /* Frameworks */,
				432AD5EF2B619B2A004C66F7 /* Resources */,
			);
			buildRules = (
			);
			dependencies = (
			);
			name = MTLBufferHang;
			productName = MTLBufferHang;
			productReference = 432AD5F12B619B2A004C66F7 /* MTLBufferHang.app */;
			productType = "com.apple.product-type.application";
		};
/* End PBXNativeTarget section */

/* Begin PBXProject section */
		432AD5E92B619B2A004C66F7 /* Project object */ = {
			isa = PBXProject;
			attributes = {
				BuildIndependentTargetsInParallel = 1;
				LastUpgradeCheck = 1520;
				TargetAttributes = {
					432AD5F02B619B2A004C66F7 = {
						CreatedOnToolsVersion = 15.2;
					};
				};
			};
			buildConfigurationList = 432AD5EC2B619B2A004C66F7 /* Build configuration list for PBXProject "MTLBufferHang" */;
			compatibilityVersion = "Xcode 14.0";
			developmentRegion = en;
			hasScannedForEncodings = 0;
			knownRegions = (
				en,
				Base,
			);
			mainGroup = 432AD5E82B619B2A004C66F7;
			productRefGroup = 432AD5F22B619B2A004C66F7 /* Products */;
			projectDirPath = "";
			projectRoot = "";
			targets = (
				432AD5F02B619B2A004C66F7 /* MTLBufferHang */,
			);
		};
/* End PBXProject section */

/* Begin PBXResourcesBuildPhase section */
		432AD5EF2B619B2A004C66F7 /* Resources */ = {
			isa = PBXResourcesBuildPhase;
			buildActionMask = 2147483647;
			files = (
				432AD6042B619B2D004C66F7 /* LaunchScreen.storyboard in Resources */,
				432AD6012B619B2D004C66F7 /* Assets.xcassets in Resources */,
				432AD5FF2B619B2A004C66F7 /* Main.storyboard in Resources */,
			);
			runOnlyForDeploymentPostprocessing = 0;
		};
/* End PBXResourcesBuildPhase section */

/* Begin PBXSourcesBuildPhase section */
		432AD5ED2B619B2A004C66F7 /* Sources */ = {
			isa = PBXSourcesBuildPhase;
			buildActionMask = 2147483647;
			files = (
				432AD5FC2B619B2A004C66F7 /* ViewController.mm in Sources */,
				432AD5F62B619B2A004C66F7 /* AppDelegate.m in Sources */,
				432AD6072B619B2D004C66F7 /* main.m in Sources */,
				432AD5F92B619B2A004C66F7 /* SceneDelegate.m in Sources */,
			);
			runOnlyForDeploymentPostprocessing = 0;
		};
/* End PBXSourcesBuildPhase section */

/* Begin PBXVariantGroup section */
		432AD5FD2B619B2A004C66F7 /* Main.storyboard */ = {
			isa = PBXVariantGroup;
			children = (
				432AD5FE2B619B2A004C66F7 /* Base */,
			);
			name = Main.storyboard;
			sourceTree = "<group>";
		};
		432AD6022B619B2D004C66F7 /* LaunchScreen.storyboard */ = {
			isa = PBXVariantGroup;
			children = (
				432AD6032B619B2D004C66F7 /* Base */,
			);
			name = LaunchScreen.storyboard;
			sourceTree = "<group>";
		};
/* End PBXVariantGroup section */

/* Begin XCBuildConfiguration section */
		432AD6082B619B2D004C66F7 /* Debug */ = {
			isa = XCBuildConfiguration;
			buildSettings = {
				ALWAYS_SEARCH_USER_PATHS = NO;
				ASSETCATALOG_COMPILER_GENERATE_SWIFT_ASSET_SYMBOL_EXTENSIONS = YES;
				CLANG_ANALYZER_NONNULL = YES;
				CLANG_ANALYZER_NUMBER_OBJECT_CONVERSION = YES_AGGRESSIVE;
				CLANG_CXX_LANGUAGE_STANDARD = "gnu++20";
				CLANG_ENABLE_MODULES = YES;
				CLANG_ENABLE_OBJC_ARC = YES;
				CLANG_ENABLE_OBJC_WEAK = YES;
				CLANG_WARN_BLOCK_CAPTURE_AUTORELEASING = YES;
				CLANG_WARN_BOOL_CONVERSION = YES;
				CLANG_WARN_COMMA = YES;
				CLANG_WARN_CONSTANT_CONVERSION = YES;
				CLANG_WARN_DEPRECATED_OBJC_IMPLEMENTATIONS = YES;
				CLANG_WARN_DIRECT_OBJC_ISA_USAGE = YES_ERROR;
				CLANG_WARN_DOCUMENTATION_COMMENTS = YES;
				CLANG_WARN_EMPTY_BODY = YES;
				CLANG_WARN_ENUM_CONVERSION = YES;
				CLANG_WARN_INFINITE_RECURSION = YES;
				CLANG_WARN_INT_CONVERSION = YES;
				CLANG_WARN_NON_LITERAL_NULL_CONVERSION = YES;
				CLANG_WARN_OBJC_IMPLICIT_RETAIN_SELF = YES;
				CLANG_WARN_OBJC_LITERAL_CONVERSION = YES;
				CLANG_WARN_OBJC_ROOT_CLASS = YES_ERROR;
				CLANG_WARN_QUOTED_INCLUDE_IN_FRAMEWORK_HEADER = YES;
				CLANG_WARN_RANGE_LOOP_ANALYSIS = YES;
				CLANG_WARN_STRICT_PROTOTYPES = YES;
				CLANG_WARN_SUSPICIOUS_MOVE = YES;
				CLANG_WARN_UNGUARDED_AVAILABILITY = YES_AGGRESSIVE;
				CLANG_WARN_UNREACHABLE_CODE = YES;
				CLANG_WARN__DUPLICATE_METHOD_MATCH = YES;
				COPY_PHASE_STRIP = NO;
				DEBUG_INFORMATION_FORMAT = dwarf;
				ENABLE_STRICT_OBJC_MSGSEND = YES;
				ENABLE_TESTABILITY = YES;
				ENABLE_USER_SCRIPT_SANDBOXING = YES;
				GCC_C_LANGUAGE_STANDARD = gnu17;
				GCC_DYNAMIC_NO_PIC = NO;
				GCC_NO_COMMON_BLOCKS = YES;
				GCC_OPTIMIZATION_LEVEL = 0;
				GCC_PREPROCESSOR_DEFINITIONS = (
					"DEBUG=1",
					"$(inherited)",
				);
				GCC_WARN_64_TO_32_BIT_CONVERSION = YES;
				GCC_WARN_ABOUT_RETURN_TYPE = YES_ERROR;
				GCC_WARN_UNDECLARED_SELECTOR = YES;
				GCC_WARN_UNINITIALIZED_AUTOS = YES_AGGRESSIVE;
				GCC_WARN_UNUSED_FUNCTION = YES;
				GCC_WARN_UNUSED_VARIABLE = YES;
				IPHONEOS_DEPLOYMENT_TARGET = 17.2;
				LOCALIZATION_PREFERS_STRING_CATALOGS = YES;
				MTL_ENABLE_DEBUG_INFO = INCLUDE_SOURCE;
				MTL_FAST_MATH = YES;
				ONLY_ACTIVE_ARCH = YES;
				SDKROOT = iphoneos;
			};
			name = Debug;
		};
		432AD6092B619B2D004C66F7 /* Release */ = {
			isa = XCBuildConfiguration;
			buildSettings = {
				ALWAYS_SEARCH_USER_PATHS = NO;
				ASSETCATALOG_COMPILER_GENERATE_SWIFT_ASSET_SYMBOL_EXTENSIONS = YES;
				CLANG_ANALYZER_NONNULL = YES;
				CLANG_ANALYZER_NUMBER_OBJECT_CONVERSION = YES_AGGRESSIVE;
				CLANG_CXX_LANGUAGE_STANDARD = "gnu++20";
				CLANG_ENABLE_MODULES = YES;
				CLANG_ENABLE_OBJC_ARC = YES;
				CLANG_ENABLE_OBJC_WEAK = YES;
				CLANG_WARN_BLOCK_CAPTURE_AUTORELEASING = YES;
				CLANG_WARN_BOOL_CONVERSION = YES;
				CLANG_WARN_COMMA = YES;
				CLANG_WARN_CONSTANT_CONVERSION = YES;
				CLANG_WARN_DEPRECATED_OBJC_IMPLEMENTATIONS = YES;
				CLANG_WARN_DIRECT_OBJC_ISA_USAGE = YES_ERROR;
				CLANG_WARN_DOCUMENTATION_COMMENTS = YES;
				CLANG_WARN_EMPTY_BODY = YES;
				CLANG_WARN_ENUM_CONVERSION = YES;
				CLANG_WARN_INFINITE_RECURSION = YES;
				CLANG_WARN_INT_CONVERSION = YES;
				CLANG_WARN_NON_LITERAL_NULL_CONVERSION = YES;
				CLANG_WARN_OBJC_IMPLICIT_RETAIN_SELF = YES;
				CLANG_WARN_OBJC_LITERAL_CONVERSION = YES;
				CLANG_WARN_OBJC_ROOT_CLASS = YES_ERROR;
				CLANG_WARN_QUOTED_INCLUDE_IN_FRAMEWORK_HEADER = YES;
				CLANG_WARN_RANGE_LOOP_ANALYSIS = YES;
				CLANG_WARN_STRICT_PROTOTYPES = YES;
				CLANG_WARN_SUSPICIOUS_MOVE = YES;
				CLANG_WARN_UNGUARDED_AVAILABILITY = YES_AGGRESSIVE;
				CLANG_WARN_UNREACHABLE_CODE = YES;
				CLANG_WARN__DUPLICATE_METHOD_MATCH = YES;
				COPY_PHASE_STRIP = NO;
				DEBUG_INFORMATION_FORMAT = "dwarf-with-dsym";
				ENABLE_NS_ASSERTIONS = NO;
				ENABLE_STRICT_OBJC_MSGSEND = YES;
				ENABLE_USER_SCRIPT_SANDBOXING = YES;
				GCC_C_LANGUAGE_STANDARD = gnu17;
				GCC_NO_COMMON_BLOCKS = YES;
				GCC_WARN_64_TO_32_BIT_CONVERSION = YES;
				GCC_WARN_ABOUT_RETURN_TYPE = YES_ERROR;
				GCC_WARN_UNDECLARED_SELECTOR = YES;
				GCC_WARN_UNINITIALIZED_AUTOS = YES_AGGRESSIVE;
				GCC_WARN_UNUSED_FUNCTION = YES;
				GCC_WARN_UNUSED_VARIABLE = YES;
				IPHONEOS_DEPLOYMENT_TARGET = 17.2;
				LOCALIZATION_PREFERS_STRING_CATALOGS = YES;
				MTL_ENABLE_DEBUG_INFO = NO;
				MTL_FAST_MATH = YES;
				SDKROOT = iphoneos;
				VALIDATE_PRODUCT = YES;
			};
			name = Release;
		};
		432AD60B2B619B2D004C66F7 /* Debug */ = {
			isa = XCBuildConfiguration;
			buildSettings = {
				ASSETCATALOG_COMPILER_APPICON_NAME = AppIcon;
				ASSETCATALOG_COMPILER_GLOBAL_ACCENT_COLOR_NAME = AccentColor;
				CODE_SIGN_STYLE = Automatic;
				CURRENT_PROJECT_VERSION = 1;
				DEVELOPMENT_TEAM = FKDX3VDW82;
				GENERATE_INFOPLIST_FILE = YES;
				INFOPLIST_FILE = MTLBufferHang/Info.plist;
				INFOPLIST_KEY_UIApplicationSupportsIndirectInputEvents = YES;
				INFOPLIST_KEY_UILaunchStoryboardName = LaunchScreen;
				INFOPLIST_KEY_UIMainStoryboardFile = Main;
				INFOPLIST_KEY_UISupportedInterfaceOrientations_iPad = "UIInterfaceOrientationPortrait UIInterfaceOrientationPortraitUpsideDown UIInterfaceOrientationLandscapeLeft UIInterfaceOrientationLandscapeRight";
				INFOPLIST_KEY_UISupportedInterfaceOrientations_iPhone = "UIInterfaceOrientationPortrait UIInterfaceOrientationLandscapeLeft UIInterfaceOrientationLandscapeRight";
				IPHONEOS_DEPLOYMENT_TARGET = 15.5;
				LD_RUNPATH_SEARCH_PATHS = (
					"$(inherited)",
					"@executable_path/Frameworks",
				);
				MARKETING_VERSION = 1.0;
				PRODUCT_BUNDLE_IDENTIFIER = bejado.MTLBufferHang;
				PRODUCT_NAME = "$(TARGET_NAME)";
				SWIFT_EMIT_LOC_STRINGS = YES;
				TARGETED_DEVICE_FAMILY = "1,2";
			};
			name = Debug;
		};
		432AD60C2B619B2D004C66F7 /* Release */ = {
			isa = XCBuildConfiguration;
			buildSettings = {
				ASSETCATALOG_COMPILER_APPICON_NAME = AppIcon;
				ASSETCATALOG_COMPILER_GLOBAL_ACCENT_COLOR_NAME = AccentColor;
				CODE_SIGN_STYLE = Automatic;
				CURRENT_PROJECT_VERSION = 1;
				DEVELOPMENT_TEAM = FKDX3VDW82;
				GENERATE_INFOPLIST_FILE = YES;
				INFOPLIST_FILE = MTLBufferHang/Info.plist;
				INFOPLIST_KEY_UIApplicationSupportsIndirectInputEvents = YES;
				INFOPLIST_KEY_UILaunchStoryboardName = LaunchScreen;
				INFOPLIST_KEY_UIMainStoryboardFile = Main;
				INFOPLIST_KEY_UISupportedInterfaceOrientations_iPad = "UIInterfaceOrientationPortrait UIInterfaceOrientationPortraitUpsideDown UIInterfaceOrientationLandscapeLeft UIInterfaceOrientationLandscapeRight";
				INFOPLIST_KEY_UISupportedInterfaceOrientations_iPhone = "UIInterfaceOrientationPortrait UIInterfaceOrientationLandscapeLeft UIInterfaceOrientationLandscapeRight";
				IPHONEOS_DEPLOYMENT_TARGET = 15.5;
				LD_RUNPATH_SEARCH_PATHS = (
					"$(inherited)",
					"@executable_path/Frameworks",
				);
				MARKETING_VERSION = 1.0;
				PRODUCT_BUNDLE_IDENTIFIER = bejado.MTLBufferHang;
				PRODUCT_NAME = "$(TARGET_NAME)";
				SWIFT_EMIT_LOC_STRINGS = YES;
				TARGETED_DEVICE_FAMILY = "1,2";
			};
			name = Release;
		};
/* End XCBuildConfiguration section */

/* Begin XCConfigurationList section */
		432AD5EC2B619B2A004C66F7 /* Build configuration list for PBXProject "MTLBufferHang" */ = {
			isa = XCConfigurationList;
			buildConfigurations = (
				432AD6082B619B2D004C66F7 /* Debug */,
				432AD6092B619B2D004C66F7 /* Release */,
			);
			defaultConfigurationIsVisible = 0;
			defaultConfigurationName = Release;
		};
		432AD60A2B619B2D004C66F7 /* Build configuration list for PBXNativeTarget "MTLBufferHang" */ = {
			isa = XCConfigurationList;
			buildConfigurations = (
				432AD60B2B619B2D004C66F7 /* Debug */,
				432AD60C2B619B2D004C66F7 /* Release */,
			);
			defaultConfigurationIsVisible = 0;
			defaultConfigurationName = Release;
		};
/* End XCConfigurationList section */
	};
	rootObject = 432AD5E92B619B2A004C66F7 /* Project object */;
}
